
Microsoft Visual Studio Solution File, Format Version 12.00
# Visual Studio Version 18
VisualStudioVersion = 18.1.11312.151 d18.0
MinimumVisualStudioVersion = 10.0.40219.1
Project("{2150E333-8FDC-42A3-9474-1A3956D46DE8}") = "src", "src", "{827E0CD3-B72D-47B6-A68D-7590B98EB39B}"
EndProject
Project("{FAE04EC0-301F-11D3-BF4B-00C04F79EFBC}") = "FuenfzehnZeitWrapper.Presentation", "src\FuenfzehnZeitWrapper.Presentation\FuenfzehnZeitWrapper.Presentation.csproj", "{6540B29B-9619-499F-9CA0-388D94C892A6}"
EndProject
Project("{FAE04EC0-301F-11D3-BF4B-00C04F79EFBC}") = "FuenfzehnZeitWrapper.Application", "src\FuenfzehnZeitWrapper.Application\FuenfzehnZeitWrapper.Application.csproj", "{756F7084-43BF-455F-9D75-4D3DCEA068A5}"
EndProject
Project("{FAE04EC0-301F-11D3-BF4B-00C04F79EFBC}") = "FuenfzehnZeitWrapper.Domain", "src\FuenfzehnZeitWrapper.Domain\FuenfzehnZeitWrapper.Domain.csproj", "{FC0DE99C-C7AD-415B-84AE-5810FBE98243}"
EndProject
Project("{FAE04EC0-301F-11D3-BF4B-00C04F79EFBC}") = "FuenfzehnZeitWrapper.Infrastructure", "src\FuenfzehnZeitWrapper.Infrastructure\FuenfzehnZeitWrapper.Infrastructure.csproj", "{610AE77B-B29F-4988-BC40-C74056554092}"
EndProject
Project("{2150E333-8FDC-42A3-9474-1A3956D46DE8}") = "tests", "tests", "{0AB3BF05-4346-4AA6-1389-037BE0695223}"
EndProject
Project("{FAE04EC0-301F-11D3-BF4B-00C04F79EFBC}") = "FuenfzehnZeitWrapper.Presentation.IntegrationTests", "tests\FuenfzehnZeitWrapper.Presentation.IntegrationTests\FuenfzehnZeitWrapper.Presentation.IntegrationTests.csproj", "{1320B9D3-0555-4A70-9120-D4E8B707C4E4}"
EndProject
Global
	GlobalSection(SolutionConfigurationPlatforms) = preSolution
		Debug|Any CPU = Debug|Any CPU
		Debug|x64 = Debug|x64
		Debug|x86 = Debug|x86
		Release|Any CPU = Release|Any CPU
		Release|x64 = Release|x64
		Release|x86 = Release|x86
	EndGlobalSection
	GlobalSection(ProjectConfigurationPlatforms) = postSolution
		{6540B29B-9619-499F-9CA0-388D94C892A6}.Debug|Any CPU.ActiveCfg = Debug|Any CPU
		{6540B29B-9619-499F-9CA0-388D94C892A6}.Debug|Any CPU.Build.0 = Debug|Any CPU
		{6540B29B-9619-499F-9CA0-388D94C892A6}.Debug|x64.ActiveCfg = Debug|Any CPU
		{6540B29B-9619-499F-9CA0-388D94C892A6}.Debug|x64.Build.0 = Debug|Any CPU
		{6540B29B-9619-499F-9CA0-388D94C892A6}.Debug|x86.ActiveCfg = Debug|Any CPU
		{6540B29B-9619-499F-9CA0-388D94C892A6}.Debug|x86.Build.0 = Debug|Any CPU
		{6540B29B-9619-499F-9CA0-388D94C892A6}.Release|Any CPU.ActiveCfg = Release|Any CPU
		{6540B29B-9619-499F-9CA0-388D94C892A6}.Release|Any CPU.Build.0 = Release|Any CPU
		{6540B29B-9619-499F-9CA0-388D94C892A6}.Release|x64.ActiveCfg = Release|Any CPU
		{6540B29B-9619-499F-9CA0-388D94C892A6}.Release|x64.Build.0 = Release|Any CPU
		{6540B29B-9619-499F-9CA0-388D94C892A6}.Release|x86.ActiveCfg = Release|Any CPU
		{6540B29B-9619-499F-9CA0-388D94C892A6}.Release|x86.Build.0 = Release|Any CPU
		{756F7084-43BF-455F-9D75-4D3DCEA068A5}.Debug|Any CPU.ActiveCfg = Debug|Any CPU
		{756F7084-43BF-455F-9D75-4D3DCEA068A5}.Debug|Any CPU.Build.0 = Debug|Any CPU
		{756F7084-43BF-455F-9D75-4D3DCEA068A5}.Debug|x64.ActiveCfg = Debug|Any CPU
		{756F7084-43BF-455F-9D75-4D3DCEA068A5}.Debug|x64.Build.0 = Debug|Any CPU
		{756F7084-43BF-455F-9D75-4D3DCEA068A5}.Debug|x86.ActiveCfg = Debug|Any CPU
		{756F7084-43BF-455F-9D75-4D3DCEA068A5}.Debug|x86.Build.0 = Debug|Any CPU
		{756F7084-43BF-455F-9D75-4D3DCEA068A5}.Release|Any CPU.ActiveCfg = Release|Any CPU
		{756F7084-43BF-455F-9D75-4D3DCEA068A5}.Release|Any CPU.Build.0 = Release|Any CPU
		{756F7084-43BF-455F-9D75-4D3DCEA068A5}.Release|x64.ActiveCfg = Release|Any CPU
		{756F7084-43BF-455F-9D75-4D3DCEA068A5}.Release|x64.Build.0 = Release|Any CPU
		{756F7084-43BF-455F-9D75-4D3DCEA068A5}.Release|x86.ActiveCfg = Release|Any CPU
		{756F7084-43BF-455F-9D75-4D3DCEA068A5}.Release|x86.Build.0 = Release|Any CPU
		{FC0DE99C-C7AD-415B-84AE-5810FBE98243}.Debug|Any CPU.ActiveCfg = Debug|Any CPU
		{FC0DE99C-C7AD-415B-84AE-5810FBE98243}.Debug|Any CPU.Build.0 = Debug|Any CPU
		{FC0DE99C-C7AD-415B-84AE-5810FBE98243}.Debug|x64.ActiveCfg = Debug|Any CPU
		{FC0DE99C-C7AD-415B-84AE-5810FBE98243}.Debug|x64.Build.0 = Debug|Any CPU
		{FC0DE99C-C7AD-415B-84AE-5810FBE98243}.Debug|x86.ActiveCfg = Debug|Any CPU
		{FC0DE99C-C7AD-415B-84AE-5810FBE98243}.Debug|x86.Build.0 = Debug|Any CPU
		{FC0DE99C-C7AD-415B-84AE-5810FBE98243}.Release|Any CPU.ActiveCfg = Release|Any CPU
		{FC0DE99C-C7AD-415B-84AE-5810FBE98243}.Release|Any CPU.Build.0 = Release|Any CPU
		{FC0DE99C-C7AD-415B-84AE-5810FBE98243}.Release|x64.ActiveCfg = Release|Any CPU
		{FC0DE99C-C7AD-415B-84AE-5810FBE98243}.Release|x64.Build.0 = Release|Any CPU
		{FC0DE99C-C7AD-415B-84AE-5810FBE98243}.Release|x86.ActiveCfg = Release|Any CPU
		{FC0DE99C-C7AD-415B-84AE-5810FBE98243}.Release|x86.Build.0 = Release|Any CPU
		{610AE77B-B29F-4988-BC40-C74056554092}.Debug|Any CPU.ActiveCfg = Debug|Any CPU
		{610AE77B-B29F-4988-BC40-C74056554092}.Debug|Any CPU.Build.0 = Debug|Any CPU
		{610AE77B-B29F-4988-BC40-C74056554092}.Debug|x64.ActiveCfg = Debug|Any CPU
		{610AE77B-B29F-4988-BC40-C74056554092}.Debug|x64.Build.0 = Debug|Any CPU
		{610AE77B-B29F-4988-BC40-C74056554092}.Debug|x86.ActiveCfg = Debug|Any CPU
		{610AE77B-B29F-4988-BC40-C74056554092}.Debug|x86.Build.0 = Debug|Any CPU
		{610AE77B-B29F-4988-BC40-C74056554092}.Release|Any CPU.ActiveCfg = Release|Any CPU
		{610AE77B-B29F-4988-BC40-C74056554092}.Release|Any CPU.Build.0 = Release|Any CPU
		{610AE77B-B29F-4988-BC40-C74056554092}.Release|x64.ActiveCfg = Release|Any CPU
		{610AE77B-B29F-4988-BC40-C74056554092}.Release|x64.Build.0 = Release|Any CPU
		{610AE77B-B29F-4988-BC40-C74056554092}.Release|x86.ActiveCfg = Release|Any CPU
		{610AE77B-B29F-4988-BC40-C74056554092}.Release|x86.Build.0 = Release|Any CPU
		{1320B9D3-0555-4A70-9120-D4E8B707C4E4}.Debug|Any CPU.ActiveCfg = Debug|Any CPU
		{1320B9D3-0555-4A70-9120-D4E8B707C4E4}.Debug|Any CPU.Build.0 = Debug|Any CPU
		{1320B9D3-0555-4A70-9120-D4E8B707C4E4}.Debug|x64.ActiveCfg = Debug|Any CPU
		{1320B9D3-0555-4A70-9120-D4E8B707C4E4}.Debug|x64.Build.0 = Debug|Any CPU
		{1320B9D3-0555-4A70-9120-D4E8B707C4E4}.Debug|x86.ActiveCfg = Debug|Any CPU
		{1320B9D3-0555-4A70-9120-D4E8B707C4E4}.Debug|x86.Build.0 = Debug|Any CPU
		{1320B9D3-0555-4A70-9120-D4E8B707C4E4}.Release|Any CPU.ActiveCfg = Release|Any CPU
		{1320B9D3-0555-4A70-9120-D4E8B707C4E4}.Release|Any CPU.Build.0 = Release|Any CPU
		{1320B9D3-0555-4A70-9120-D4E8B707C4E4}.Release|x64.ActiveCfg = Release|Any CPU
		{1320B9D3-0555-4A70-9120-D4E8B707C4E4}.Release|x64.Build.0 = Release|Any CPU
		{1320B9D3-0555-4A70-9120-D4E8B707C4E4}.Release|x86.ActiveCfg = Release|Any CPU
		{1320B9D3-0555-4A70-9120-D4E8B707C4E4}.Release|x86.Build.0 = Release|Any CPU
	EndGlobalSection
	GlobalSection(SolutionProperties) = preSolution
		HideSolutionNode = FALSE
	EndGlobalSection
	GlobalSection(NestedProjects) = preSolution
		{6540B29B-9619-499F-9CA0-388D94C892A6} = {827E0CD3-B72D-47B6-A68D-7590B98EB39B}
		{756F7084-43BF-455F-9D75-4D3DCEA068A5} = {827E0CD3-B72D-47B6-A68D-7590B98EB39B}
		{FC0DE99C-C7AD-415B-84AE-5810FBE98243} = {827E0CD3-B72D-47B6-A68D-7590B98EB39B}
		{610AE77B-B29F-4988-BC40-C74056554092} = {827E0CD3-B72D-47B6-A68D-7590B98EB39B}
		{1320B9D3-0555-4A70-9120-D4E8B707C4E4} = {0AB3BF05-4346-4AA6-1389-037BE0695223}
	EndGlobalSection
	GlobalSection(ExtensibilityGlobals) = postSolution
		SolutionGuid = {F53888A6-F2A0-4713-9975-32DA9752F86E}
	EndGlobalSection
EndGlobal
